
Microsoft Visual Studio Solution File, Format Version 12.00
# Visual Studio Version 17
VisualStudioVersion = 17.4.33213.308
MinimumVisualStudioVersion = 10.0.40219.1
Project("{FAE04EC0-301F-11D3-BF4B-00C04F79EFBC}") = "MultiUserBank_Kellogg", "MultiUserBank_Kellogg\MultiUserBank_Kellogg.csproj", "{9E1CE80C-F486-405C-9491-277DD448CA4C}"
EndProject
Global
	GlobalSection(SolutionConfigurationPlatforms) = preSolution
		Debug|Any CPU = Debug|Any CPU
		Release|Any CPU = Release|Any CPU
	EndGlobalSection
	GlobalSection(ProjectConfigurationPlatforms) = postSolution
		{9E1CE80C-F486-405C-9491-277DD448CA4C}.Debug|Any CPU.ActiveCfg = Debug|Any CPU
		{9E1CE80C-F486-405C-9491-277DD448CA4C}.Debug|Any CPU.Build.0 = Debug|Any CPU
		{9E1CE80C-F486-405C-9491-277DD448CA4C}.Release|Any CPU.ActiveCfg = Release|Any CPU
		{9E1CE80C-F486-405C-9491-277DD448CA4C}.Release|Any CPU.Build.0 = Release|Any CPU
	EndGlobalSection
	GlobalSection(SolutionProperties) = preSolution
		HideSolutionNode = FALSE
	EndGlobalSection
	GlobalSection(ExtensibilityGlobals) = postSolution
		SolutionGuid = {98102C7E-E6C5-4BE1-93BE-768555BEED7D}
	EndGlobalSection
EndGlobal
